// !$*UTF8*$!
{
	archiveVersion = 1;
	classes = {
	};
	objectVersion = 46;
	objects = {

/* Begin PBXBuildFile section */
		FB09A4F51C4B5FEF0072C553 /* Changelog.rtf in Resources */ = {isa = PBXBuildFile; fileRef = FB09A4F41C4B5FEF0072C553 /* Changelog.rtf */; };
		FB09A4F71C4B64F80072C553 /* webicon.png in Resources */ = {isa = PBXBuildFile; fileRef = FB09A4F61C4B64F80072C553 /* webicon.png */; };
		FB0CF69F1C61D1E9002CF3DE /* AppDelegate.m in Sources */ = {isa = PBXBuildFile; fileRef = FB0CF69E1C61D1E9002CF3DE /* AppDelegate.m */; };
		FB0CF6A21C61D1E9002CF3DE /* main.m in Sources */ = {isa = PBXBuildFile; fileRef = FB0CF6A11C61D1E9002CF3DE /* main.m */; };
		FB0CF6A71C61D1E9002CF3DE /* MainMenu.xib in Resources */ = {isa = PBXBuildFile; fileRef = FB0CF6A51C61D1E9002CF3DE /* MainMenu.xib */; };
		FB24B09E1C952FF700443CA0 /* pluginTable.m in Sources */ = {isa = PBXBuildFile; fileRef = FB24B09D1C952FF700443CA0 /* pluginTable.m */; };
		FB24B0A21C955D2C00443CA0 /* shareClass.m in Sources */ = {isa = PBXBuildFile; fileRef = FB24B0A11C955D2C00443CA0 /* shareClass.m */; };
		FB50D3461D4B0C7E004668C0 /* update.png in Resources */ = {isa = PBXBuildFile; fileRef = FB50D3451D4B0C7E004668C0 /* update.png */; };
		FB53F94B1D359BB700B07C67 /* SIMBLManager.framework in Frameworks */ = {isa = PBXBuildFile; fileRef = FB53F94A1D359BB700B07C67 /* SIMBLManager.framework */; };
		FB53F94C1D39BBD700B07C67 /* SIMBLManager.framework in CopyFiles */ = {isa = PBXBuildFile; fileRef = FB53F94A1D359BB700B07C67 /* SIMBLManager.framework */; settings = {ATTRIBUTES = (CodeSignOnCopy, RemoveHeadersOnCopy, ); }; };
		FB5F44B81C41EA4000DE80B4 /* AppDelegate.m in Sources */ = {isa = PBXBuildFile; fileRef = FB5F44B71C41EA4000DE80B4 /* AppDelegate.m */; };
		FB5F44BB1C41EA4000DE80B4 /* main.m in Sources */ = {isa = PBXBuildFile; fileRef = FB5F44BA1C41EA4000DE80B4 /* main.m */; };
		FB5F44C01C41EA4000DE80B4 /* Appliaction.xib in Resources */ = {isa = PBXBuildFile; fileRef = FB5F44BE1C41EA4000DE80B4 /* Appliaction.xib */; };
		FB62D0231CF146E00070E0D6 /* mySIMBLAgent.app in Copy LoginItem */ = {isa = PBXBuildFile; fileRef = FB0CF69B1C61D1E8002CF3DE /* mySIMBLAgent.app */; settings = {ATTRIBUTES = (RemoveHeadersOnCopy, ); }; };
		FB66391E1E0501C90060AE31 /* checkmark.png in Resources */ = {isa = PBXBuildFile; fileRef = FB66391D1E0501C90060AE31 /* checkmark.png */; };
		FB6639201E05BA750060AE31 /* STPrivilegedTask_LICENSE.txt in Resources */ = {isa = PBXBuildFile; fileRef = FB66391F1E05BA750060AE31 /* STPrivilegedTask_LICENSE.txt */; };
		FB6639221E05BAB10060AE31 /* SGDirWatchDog_LICENSE.txt in Resources */ = {isa = PBXBuildFile; fileRef = FB6639211E05BAB10060AE31 /* SGDirWatchDog_LICENSE.txt */; };
		FB6A77B61E3031150045BC22 /* DevMateKit.framework in Frameworks */ = {isa = PBXBuildFile; fileRef = FBA2E9831E28673300DB471D /* DevMateKit.framework */; };
		FB790FE81CA447AD00BE3B59 /* repopluginTable.m in Sources */ = {isa = PBXBuildFile; fileRef = FB790FE71CA447AD00BE3B59 /* repopluginTable.m */; };
		FB790FED1CA4BC0900BE3B59 /* bundlePage.m in Sources */ = {isa = PBXBuildFile; fileRef = FB790FEC1CA4BC0900BE3B59 /* bundlePage.m */; };
		FB7A4B741DF384B50071589B /* StartAtLoginController.m in Sources */ = {isa = PBXBuildFile; fileRef = FB7A4B731DF384B50071589B /* StartAtLoginController.m */; };
		FB7C75A41D067A4F001407DC /* icon.icns in Resources */ = {isa = PBXBuildFile; fileRef = FB7C75A31D067A4F001407DC /* icon.icns */; };
		FB9BF36A1CA6801F00A63718 /* loading_mini.gif in Resources */ = {isa = PBXBuildFile; fileRef = FB9BF3691CA6801F00A63718 /* loading_mini.gif */; };
		FBA2E9841E28673300DB471D /* DevMateKit.framework in Frameworks */ = {isa = PBXBuildFile; fileRef = FBA2E9831E28673300DB471D /* DevMateKit.framework */; };
		FBA2E9851E28680300DB471D /* DevMateKit.framework in CopyFiles */ = {isa = PBXBuildFile; fileRef = FBA2E9831E28673300DB471D /* DevMateKit.framework */; settings = {ATTRIBUTES = (CodeSignOnCopy, RemoveHeadersOnCopy, ); }; };
		FBA9EB341C965E9F00511BE3 /* sourcesTable.m in Sources */ = {isa = PBXBuildFile; fileRef = FBA9EB331C965E9F00511BE3 /* sourcesTable.m */; };
		FBB793521C7AB7BC006BF301 /* dsa_pub.pem in Resources */ = {isa = PBXBuildFile; fileRef = FBB793511C7AB7BC006BF301 /* dsa_pub.pem */; };
		FBB793541C7AB7C5006BF301 /* dsa_pub.pem in Resources */ = {isa = PBXBuildFile; fileRef = FBB793531C7AB7C5006BF301 /* dsa_pub.pem */; };
		FBBF6AF61DFFA6B400BBCF28 /* updatesTable.m in Sources */ = {isa = PBXBuildFile; fileRef = FBBF6AF51DFFA6B300BBCF28 /* updatesTable.m */; };
		FBC43DD01CCC3A4000AAD4E5 /* PFMoveApplication.m in Sources */ = {isa = PBXBuildFile; fileRef = FBC43DCF1CCC3A4000AAD4E5 /* PFMoveApplication.m */; settings = {COMPILER_FLAGS = "-fno-objc-arc"; }; };
		FBC54D6F1C4C33030021517C /* Credits.rtf in Resources */ = {isa = PBXBuildFile; fileRef = FBC54D6D1C4C33030021517C /* Credits.rtf */; };
		FBC54D701C4C33030021517C /* EULA.rtf in Resources */ = {isa = PBXBuildFile; fileRef = FBC54D6E1C4C33030021517C /* EULA.rtf */; };
		FBEC2F311C4C7164008237A6 /* github.png in Resources */ = {isa = PBXBuildFile; fileRef = FBEC2F2F1C4C7164008237A6 /* github.png */; };
		FBF7207C1CF0D128008D61B4 /* SGDirWatchdog.m in Sources */ = {isa = PBXBuildFile; fileRef = FBF7207A1CF0D128008D61B4 /* SGDirWatchdog.m */; };
/* End PBXBuildFile section */

/* Begin PBXCopyFilesBuildPhase section */
		FB57D2F21C4BAF8B0077F91C /* CopyFiles */ = {
			isa = PBXCopyFilesBuildPhase;
			buildActionMask = 2147483647;
			dstPath = "";
			dstSubfolderSpec = 10;
			files = (
				FBA2E9851E28680300DB471D /* DevMateKit.framework in CopyFiles */,
				FB53F94C1D39BBD700B07C67 /* SIMBLManager.framework in CopyFiles */,
			);
			runOnlyForDeploymentPostprocessing = 0;
		};
		FB62D0221CF146DB0070E0D6 /* Copy LoginItem */ = {
			isa = PBXCopyFilesBuildPhase;
			buildActionMask = 12;
			dstPath = Contents/Library/LoginItems;
			dstSubfolderSpec = 1;
			files = (
				FB62D0231CF146E00070E0D6 /* mySIMBLAgent.app in Copy LoginItem */,
			);
			name = "Copy LoginItem";
			runOnlyForDeploymentPostprocessing = 0;
		};
/* End PBXCopyFilesBuildPhase section */

/* Begin PBXFileReference section */
		FB09A4F41C4B5FEF0072C553 /* Changelog.rtf */ = {isa = PBXFileReference; fileEncoding = 4; lastKnownFileType = text.rtf; path = Changelog.rtf; sourceTree = "<group>"; };
		FB09A4F61C4B64F80072C553 /* webicon.png */ = {isa = PBXFileReference; lastKnownFileType = image.png; path = webicon.png; sourceTree = "<group>"; };
		FB0CF69B1C61D1E8002CF3DE /* mySIMBLAgent.app */ = {isa = PBXFileReference; explicitFileType = wrapper.application; includeInIndex = 0; path = mySIMBLAgent.app; sourceTree = BUILT_PRODUCTS_DIR; };
		FB0CF69D1C61D1E9002CF3DE /* AppDelegate.h */ = {isa = PBXFileReference; lastKnownFileType = sourcecode.c.h; path = AppDelegate.h; sourceTree = "<group>"; };
		FB0CF69E1C61D1E9002CF3DE /* AppDelegate.m */ = {isa = PBXFileReference; lastKnownFileType = sourcecode.c.objc; path = AppDelegate.m; sourceTree = "<group>"; };
		FB0CF6A11C61D1E9002CF3DE /* main.m */ = {isa = PBXFileReference; lastKnownFileType = sourcecode.c.objc; path = main.m; sourceTree = "<group>"; };
		FB0CF6A61C61D1E9002CF3DE /* Base */ = {isa = PBXFileReference; lastKnownFileType = file.xib; name = Base; path = Base.lproj/MainMenu.xib; sourceTree = "<group>"; };
		FB0CF6A81C61D1E9002CF3DE /* Info.plist */ = {isa = PBXFileReference; lastKnownFileType = text.plist.xml; path = Info.plist; sourceTree = "<group>"; };
		FB24B09D1C952FF700443CA0 /* pluginTable.m */ = {isa = PBXFileReference; fileEncoding = 4; lastKnownFileType = sourcecode.c.objc; path = pluginTable.m; sourceTree = "<group>"; };
		FB24B0A11C955D2C00443CA0 /* shareClass.m */ = {isa = PBXFileReference; fileEncoding = 4; lastKnownFileType = sourcecode.c.objc; path = shareClass.m; sourceTree = "<group>"; };
		FB24B0A31C955EEC00443CA0 /* shareClass.h */ = {isa = PBXFileReference; fileEncoding = 4; lastKnownFileType = sourcecode.c.h; path = shareClass.h; sourceTree = "<group>"; };
		FB50D3451D4B0C7E004668C0 /* update.png */ = {isa = PBXFileReference; lastKnownFileType = image.png; path = update.png; sourceTree = "<group>"; };
		FB53F94A1D359BB700B07C67 /* SIMBLManager.framework */ = {isa = PBXFileReference; lastKnownFileType = wrapper.framework; name = SIMBLManager.framework; path = Frameworks/SIMBLManager.framework; sourceTree = "<group>"; };
		FB5F44B31C41EA4000DE80B4 /* mySIMBL.app */ = {isa = PBXFileReference; explicitFileType = wrapper.application; includeInIndex = 0; path = mySIMBL.app; sourceTree = BUILT_PRODUCTS_DIR; };
		FB5F44B61C41EA4000DE80B4 /* AppDelegate.h */ = {isa = PBXFileReference; lastKnownFileType = sourcecode.c.h; path = AppDelegate.h; sourceTree = "<group>"; };
		FB5F44B71C41EA4000DE80B4 /* AppDelegate.m */ = {isa = PBXFileReference; lastKnownFileType = sourcecode.c.objc; path = AppDelegate.m; sourceTree = "<group>"; };
		FB5F44BA1C41EA4000DE80B4 /* main.m */ = {isa = PBXFileReference; lastKnownFileType = sourcecode.c.objc; path = main.m; sourceTree = "<group>"; };
		FB5F44BF1C41EA4000DE80B4 /* Base */ = {isa = PBXFileReference; lastKnownFileType = file.xib; name = Base; path = Base.lproj/Appliaction.xib; sourceTree = "<group>"; };
		FB66391D1E0501C90060AE31 /* checkmark.png */ = {isa = PBXFileReference; lastKnownFileType = image.png; path = checkmark.png; sourceTree = "<group>"; };
		FB66391F1E05BA750060AE31 /* STPrivilegedTask_LICENSE.txt */ = {isa = PBXFileReference; fileEncoding = 4; lastKnownFileType = text; path = STPrivilegedTask_LICENSE.txt; sourceTree = "<group>"; };
		FB6639211E05BAB10060AE31 /* SGDirWatchDog_LICENSE.txt */ = {isa = PBXFileReference; fileEncoding = 4; lastKnownFileType = text; path = SGDirWatchDog_LICENSE.txt; sourceTree = "<group>"; };
		FB790FE71CA447AD00BE3B59 /* repopluginTable.m */ = {isa = PBXFileReference; fileEncoding = 4; lastKnownFileType = sourcecode.c.objc; path = repopluginTable.m; sourceTree = "<group>"; };
		FB790FEC1CA4BC0900BE3B59 /* bundlePage.m */ = {isa = PBXFileReference; fileEncoding = 4; lastKnownFileType = sourcecode.c.objc; path = bundlePage.m; sourceTree = "<group>"; };
		FB7A4B721DF384B50071589B /* StartAtLoginController.h */ = {isa = PBXFileReference; fileEncoding = 4; lastKnownFileType = sourcecode.c.h; path = StartAtLoginController.h; sourceTree = "<group>"; };
		FB7A4B731DF384B50071589B /* StartAtLoginController.m */ = {isa = PBXFileReference; fileEncoding = 4; lastKnownFileType = sourcecode.c.objc; path = StartAtLoginController.m; sourceTree = "<group>"; };
		FB7C75A31D067A4F001407DC /* icon.icns */ = {isa = PBXFileReference; lastKnownFileType = image.icns; path = icon.icns; sourceTree = "<group>"; };
		FB9BF3691CA6801F00A63718 /* loading_mini.gif */ = {isa = PBXFileReference; lastKnownFileType = image.gif; path = loading_mini.gif; sourceTree = "<group>"; };
		FBA2E9831E28673300DB471D /* DevMateKit.framework */ = {isa = PBXFileReference; lastKnownFileType = wrapper.framework; name = DevMateKit.framework; path = Frameworks/DevMateKit.framework; sourceTree = "<group>"; };
		FBA9EB331C965E9F00511BE3 /* sourcesTable.m */ = {isa = PBXFileReference; fileEncoding = 4; lastKnownFileType = sourcecode.c.objc; path = sourcesTable.m; sourceTree = "<group>"; };
		FBABE8C21D552713009191FE /* README.md */ = {isa = PBXFileReference; lastKnownFileType = net.daringfireball.markdown; name = README.md; path = ../../GitHub/wb_mySIMBL/README.md; sourceTree = "<group>"; };
		FBB793511C7AB7BC006BF301 /* dsa_pub.pem */ = {isa = PBXFileReference; fileEncoding = 4; lastKnownFileType = text; path = dsa_pub.pem; sourceTree = "<group>"; };
		FBB793531C7AB7C5006BF301 /* dsa_pub.pem */ = {isa = PBXFileReference; fileEncoding = 4; lastKnownFileType = text; path = dsa_pub.pem; sourceTree = "<group>"; };
		FBBF6AF51DFFA6B300BBCF28 /* updatesTable.m */ = {isa = PBXFileReference; fileEncoding = 4; lastKnownFileType = sourcecode.c.objc; path = updatesTable.m; sourceTree = "<group>"; };
		FBC194B31CDE576C0025D361 /* Info.plist */ = {isa = PBXFileReference; fileEncoding = 4; lastKnownFileType = text.plist.xml; path = Info.plist; sourceTree = "<group>"; };
		FBC43DCE1CCC3A4000AAD4E5 /* PFMoveApplication.h */ = {isa = PBXFileReference; fileEncoding = 4; lastKnownFileType = sourcecode.c.h; path = PFMoveApplication.h; sourceTree = "<group>"; };
		FBC43DCF1CCC3A4000AAD4E5 /* PFMoveApplication.m */ = {isa = PBXFileReference; fileEncoding = 4; lastKnownFileType = sourcecode.c.objc; path = PFMoveApplication.m; sourceTree = "<group>"; };
		FBC54D6D1C4C33030021517C /* Credits.rtf */ = {isa = PBXFileReference; fileEncoding = 4; lastKnownFileType = text.rtf; path = Credits.rtf; sourceTree = "<group>"; };
		FBC54D6E1C4C33030021517C /* EULA.rtf */ = {isa = PBXFileReference; fileEncoding = 4; lastKnownFileType = text.rtf; path = EULA.rtf; sourceTree = "<group>"; };
		FBEC2F2F1C4C7164008237A6 /* github.png */ = {isa = PBXFileReference; lastKnownFileType = image.png; path = github.png; sourceTree = "<group>"; };
		FBF720791CF0D128008D61B4 /* SGDirWatchdog.h */ = {isa = PBXFileReference; fileEncoding = 4; lastKnownFileType = sourcecode.c.h; path = SGDirWatchdog.h; sourceTree = "<group>"; };
		FBF7207A1CF0D128008D61B4 /* SGDirWatchdog.m */ = {isa = PBXFileReference; fileEncoding = 4; lastKnownFileType = sourcecode.c.objc; path = SGDirWatchdog.m; sourceTree = "<group>"; };
/* End PBXFileReference section */

/* Begin PBXFrameworksBuildPhase section */
		FB0CF6981C61D1E8002CF3DE /* Frameworks */ = {
			isa = PBXFrameworksBuildPhase;
			buildActionMask = 2147483647;
			files = (
				FB6A77B61E3031150045BC22 /* DevMateKit.framework in Frameworks */,
			);
			runOnlyForDeploymentPostprocessing = 0;
		};
		FB5F44B01C41EA4000DE80B4 /* Frameworks */ = {
			isa = PBXFrameworksBuildPhase;
			buildActionMask = 2147483647;
			files = (
				FBA2E9841E28673300DB471D /* DevMateKit.framework in Frameworks */,
				FB53F94B1D359BB700B07C67 /* SIMBLManager.framework in Frameworks */,
			);
			runOnlyForDeploymentPostprocessing = 0;
		};
/* End PBXFrameworksBuildPhase section */

/* Begin PBXGroup section */
		FB0CF69C1C61D1E9002CF3DE /* mySIMBLHelper */ = {
			isa = PBXGroup;
			children = (
				FB0CF6A01C61D1E9002CF3DE /* Supporting Files */,
				FB0CF69D1C61D1E9002CF3DE /* AppDelegate.h */,
				FB0CF69E1C61D1E9002CF3DE /* AppDelegate.m */,
				FB0CF6A81C61D1E9002CF3DE /* Info.plist */,
			);
			name = mySIMBLHelper;
			path = SIMBLHelper;
			sourceTree = "<group>";
		};
		FB0CF6A01C61D1E9002CF3DE /* Supporting Files */ = {
			isa = PBXGroup;
			children = (
				FBB793531C7AB7C5006BF301 /* dsa_pub.pem */,
				FB0CF6A51C61D1E9002CF3DE /* MainMenu.xib */,
				FB0CF6A11C61D1E9002CF3DE /* main.m */,
			);
			name = "Supporting Files";
			sourceTree = "<group>";
		};
		FB57959C1C4DCFA2001A76AC /* Images */ = {
			isa = PBXGroup;
			children = (
				FB66391D1E0501C90060AE31 /* checkmark.png */,
				FB9BF3691CA6801F00A63718 /* loading_mini.gif */,
				FB7C75A31D067A4F001407DC /* icon.icns */,
				FB50D3451D4B0C7E004668C0 /* update.png */,
				FB09A4F61C4B64F80072C553 /* webicon.png */,
				FBEC2F2F1C4C7164008237A6 /* github.png */,
			);
			name = Images;
			sourceTree = "<group>";
		};
		FB5F44AA1C41EA4000DE80B4 = {
			isa = PBXGroup;
			children = (
				FBABE8C21D552713009191FE /* README.md */,
				FBBF6AF31DFF9EE800BBCF28 /* Frameworks */,
				FB5F44B51C41EA4000DE80B4 /* mySIMBL */,
				FB0CF69C1C61D1E9002CF3DE /* mySIMBLHelper */,
				FB5F44B41C41EA4000DE80B4 /* Products */,
			);
			sourceTree = "<group>";
		};
		FB5F44B41C41EA4000DE80B4 /* Products */ = {
			isa = PBXGroup;
			children = (
				FB5F44B31C41EA4000DE80B4 /* mySIMBL.app */,
				FB0CF69B1C61D1E8002CF3DE /* mySIMBLAgent.app */,
			);
			name = Products;
			sourceTree = "<group>";
		};
		FB5F44B51C41EA4000DE80B4 /* mySIMBL */ = {
			isa = PBXGroup;
			children = (
				FBBB46701DF68413001DA4CD /* Licenses */,
				FBB793551C7AB7F1006BF301 /* Other */,
				FB57959C1C4DCFA2001A76AC /* Images */,
				FB5F44D41C4380BB00DE80B4 /* Resource */,
				FB790FEB1CA4AA8600BE3B59 /* Tables */,
				FB7A4B711DF37E960071589B /* Info */,
				FB5F44BE1C41EA4000DE80B4 /* Appliaction.xib */,
				FB5F44B61C41EA4000DE80B4 /* AppDelegate.h */,
				FB5F44B71C41EA4000DE80B4 /* AppDelegate.m */,
				FBC194B31CDE576C0025D361 /* Info.plist */,
			);
			path = mySIMBL;
			sourceTree = "<group>";
		};
		FB5F44D41C4380BB00DE80B4 /* Resource */ = {
			isa = PBXGroup;
			children = (
				FB5F44BA1C41EA4000DE80B4 /* main.m */,
				FBB793511C7AB7BC006BF301 /* dsa_pub.pem */,
			);
			name = Resource;
			sourceTree = "<group>";
		};
		FB790FEB1CA4AA8600BE3B59 /* Tables */ = {
			isa = PBXGroup;
			children = (
				FB24B0A31C955EEC00443CA0 /* shareClass.h */,
				FB24B0A11C955D2C00443CA0 /* shareClass.m */,
				FB24B09D1C952FF700443CA0 /* pluginTable.m */,
				FBBF6AF51DFFA6B300BBCF28 /* updatesTable.m */,
				FBA9EB331C965E9F00511BE3 /* sourcesTable.m */,
				FB790FE71CA447AD00BE3B59 /* repopluginTable.m */,
				FB790FEC1CA4BC0900BE3B59 /* bundlePage.m */,
			);
			name = Tables;
			sourceTree = "<group>";
		};
		FB7A4B711DF37E960071589B /* Info */ = {
			isa = PBXGroup;
			children = (
				FB09A4F41C4B5FEF0072C553 /* Changelog.rtf */,
				FBC54D6D1C4C33030021517C /* Credits.rtf */,
				FBC54D6E1C4C33030021517C /* EULA.rtf */,
			);
			name = Info;
			sourceTree = "<group>";
		};
		FB7A4B751DF384BB0071589B /* StartAtLoginController */ = {
			isa = PBXGroup;
			children = (
				FB7A4B721DF384B50071589B /* StartAtLoginController.h */,
				FB7A4B731DF384B50071589B /* StartAtLoginController.m */,
			);
			name = StartAtLoginController;
			sourceTree = "<group>";
		};
		FBB793551C7AB7F1006BF301 /* Other */ = {
			isa = PBXGroup;
			children = (
				FB7A4B751DF384BB0071589B /* StartAtLoginController */,
				FBF7207E1CF0D130008D61B4 /* SGDirWatchdog */,
				FBC54D881C4C452F0021517C /* LetsMove */,
			);
			name = Other;
			sourceTree = "<group>";
		};
		FBBB46701DF68413001DA4CD /* Licenses */ = {
			isa = PBXGroup;
			children = (
				FB66391F1E05BA750060AE31 /* STPrivilegedTask_LICENSE.txt */,
				FB6639211E05BAB10060AE31 /* SGDirWatchDog_LICENSE.txt */,
			);
			name = Licenses;
			sourceTree = "<group>";
		};
		FBBF6AF31DFF9EE800BBCF28 /* Frameworks */ = {
			isa = PBXGroup;
			children = (
				FBA2E9831E28673300DB471D /* DevMateKit.framework */,
				FB53F94A1D359BB700B07C67 /* SIMBLManager.framework */,
			);
			name = Frameworks;
			sourceTree = "<group>";
		};
		FBC54D881C4C452F0021517C /* LetsMove */ = {
			isa = PBXGroup;
			children = (
				FBC43DCE1CCC3A4000AAD4E5 /* PFMoveApplication.h */,
				FBC43DCF1CCC3A4000AAD4E5 /* PFMoveApplication.m */,
			);
			name = LetsMove;
			sourceTree = "<group>";
		};
		FBF7207E1CF0D130008D61B4 /* SGDirWatchdog */ = {
			isa = PBXGroup;
			children = (
				FBF720791CF0D128008D61B4 /* SGDirWatchdog.h */,
				FBF7207A1CF0D128008D61B4 /* SGDirWatchdog.m */,
			);
			name = SGDirWatchdog;
			sourceTree = "<group>";
		};
/* End PBXGroup section */

/* Begin PBXNativeTarget section */
		FB0CF69A1C61D1E8002CF3DE /* mySIMBLAgent */ = {
			isa = PBXNativeTarget;
			buildConfigurationList = FB0CF6A91C61D1E9002CF3DE /* Build configuration list for PBXNativeTarget "mySIMBLAgent" */;
			buildPhases = (
				FB0CF6971C61D1E8002CF3DE /* Sources */,
				FB0CF6981C61D1E8002CF3DE /* Frameworks */,
				FB0CF6991C61D1E8002CF3DE /* Resources */,
			);
			buildRules = (
			);
			dependencies = (
			);
			name = mySIMBLAgent;
			productName = SIMBLHelper;
			productReference = FB0CF69B1C61D1E8002CF3DE /* mySIMBLAgent.app */;
			productType = "com.apple.product-type.application";
		};
		FB5F44B21C41EA4000DE80B4 /* mySIMBL */ = {
			isa = PBXNativeTarget;
			buildConfigurationList = FB5F44C41C41EA4000DE80B4 /* Build configuration list for PBXNativeTarget "mySIMBL" */;
			buildPhases = (
				FB5F44AF1C41EA4000DE80B4 /* Sources */,
				FB5F44B11C41EA4000DE80B4 /* Resources */,
				FB62D0221CF146DB0070E0D6 /* Copy LoginItem */,
				FB57D2F21C4BAF8B0077F91C /* CopyFiles */,
				FB5F44B01C41EA4000DE80B4 /* Frameworks */,
				FB09A4F31C4B5B920072C553 /* ShellScript */,
			);
			buildRules = (
			);
			dependencies = (
			);
			name = mySIMBL;
			productName = mySIMBL;
			productReference = FB5F44B31C41EA4000DE80B4 /* mySIMBL.app */;
			productType = "com.apple.product-type.application";
		};
/* End PBXNativeTarget section */

/* Begin PBXProject section */
		FB5F44AB1C41EA4000DE80B4 /* Project object */ = {
			isa = PBXProject;
			attributes = {
				LastUpgradeCheck = 0810;
				ORGANIZATIONNAME = "Wolfgang Baird";
				TargetAttributes = {
					FB0CF69A1C61D1E8002CF3DE = {
						CreatedOnToolsVersion = 7.2;
						DevelopmentTeam = EX596BNL45;
						ProvisioningStyle = Manual;
					};
					FB5F44B21C41EA4000DE80B4 = {
						CreatedOnToolsVersion = 7.2;
						DevelopmentTeam = EX596BNL45;
						DevelopmentTeamName = "wolfgang baird";
						ProvisioningStyle = Manual;
					};
				};
			};
			buildConfigurationList = FB5F44AE1C41EA4000DE80B4 /* Build configuration list for PBXProject "mySIMBL" */;
			compatibilityVersion = "Xcode 3.2";
			developmentRegion = English;
			hasScannedForEncodings = 0;
			knownRegions = (
				en,
				Base,
				English,
			);
			mainGroup = FB5F44AA1C41EA4000DE80B4;
			productRefGroup = FB5F44B41C41EA4000DE80B4 /* Products */;
			projectDirPath = "";
			projectRoot = "";
			targets = (
				FB5F44B21C41EA4000DE80B4 /* mySIMBL */,
				FB0CF69A1C61D1E8002CF3DE /* mySIMBLAgent */,
			);
		};
/* End PBXProject section */

/* Begin PBXResourcesBuildPhase section */
		FB0CF6991C61D1E8002CF3DE /* Resources */ = {
			isa = PBXResourcesBuildPhase;
			buildActionMask = 2147483647;
			files = (
				FBB793541C7AB7C5006BF301 /* dsa_pub.pem in Resources */,
				FB0CF6A71C61D1E9002CF3DE /* MainMenu.xib in Resources */,
			);
			runOnlyForDeploymentPostprocessing = 0;
		};
		FB5F44B11C41EA4000DE80B4 /* Resources */ = {
			isa = PBXResourcesBuildPhase;
			buildActionMask = 2147483647;
			files = (
				FB09A4F71C4B64F80072C553 /* webicon.png in Resources */,
				FBC54D6F1C4C33030021517C /* Credits.rtf in Resources */,
				FB50D3461D4B0C7E004668C0 /* update.png in Resources */,
				FB66391E1E0501C90060AE31 /* checkmark.png in Resources */,
				FB6639201E05BA750060AE31 /* STPrivilegedTask_LICENSE.txt in Resources */,
				FB9BF36A1CA6801F00A63718 /* loading_mini.gif in Resources */,
				FB09A4F51C4B5FEF0072C553 /* Changelog.rtf in Resources */,
				FBB793521C7AB7BC006BF301 /* dsa_pub.pem in Resources */,
				FB6639221E05BAB10060AE31 /* SGDirWatchDog_LICENSE.txt in Resources */,
				FB5F44C01C41EA4000DE80B4 /* Appliaction.xib in Resources */,
				FBEC2F311C4C7164008237A6 /* github.png in Resources */,
				FB7C75A41D067A4F001407DC /* icon.icns in Resources */,
				FBC54D701C4C33030021517C /* EULA.rtf in Resources */,
			);
			runOnlyForDeploymentPostprocessing = 0;
		};
/* End PBXResourcesBuildPhase section */

/* Begin PBXShellScriptBuildPhase section */
		FB09A4F31C4B5B920072C553 /* ShellScript */ = {
			isa = PBXShellScriptBuildPhase;
			buildActionMask = 2147483647;
			files = (
			);
			inputPaths = (
			);
			outputPaths = (
			);
			runOnlyForDeploymentPostprocessing = 0;
			shellPath = /bin/sh;
			shellScript = "# cp -rf \"${BUILT_PRODUCTS_DIR}/${EXECUTABLE_NAME}.app\" /Applications\n# cp -Rf \"${BUILT_PRODUCTS_DIR}/SIMBLHelper.app\" \"${BUILT_PRODUCTS_DIR}/${EXECUTABLE_NAME}.app/Contents/Resources/\"";
			showEnvVarsInLog = 0;
		};
/* End PBXShellScriptBuildPhase section */

/* Begin PBXSourcesBuildPhase section */
		FB0CF6971C61D1E8002CF3DE /* Sources */ = {
			isa = PBXSourcesBuildPhase;
			buildActionMask = 2147483647;
			files = (
				FB0CF6A21C61D1E9002CF3DE /* main.m in Sources */,
				FB0CF69F1C61D1E9002CF3DE /* AppDelegate.m in Sources */,
			);
			runOnlyForDeploymentPostprocessing = 0;
		};
		FB5F44AF1C41EA4000DE80B4 /* Sources */ = {
			isa = PBXSourcesBuildPhase;
			buildActionMask = 2147483647;
			files = (
				FB24B09E1C952FF700443CA0 /* pluginTable.m in Sources */,
				FBA9EB341C965E9F00511BE3 /* sourcesTable.m in Sources */,
				FB24B0A21C955D2C00443CA0 /* shareClass.m in Sources */,
				FB7A4B741DF384B50071589B /* StartAtLoginController.m in Sources */,
				FB790FE81CA447AD00BE3B59 /* repopluginTable.m in Sources */,
				FB5F44BB1C41EA4000DE80B4 /* main.m in Sources */,
				FB790FED1CA4BC0900BE3B59 /* bundlePage.m in Sources */,
				FBBF6AF61DFFA6B400BBCF28 /* updatesTable.m in Sources */,
				FBF7207C1CF0D128008D61B4 /* SGDirWatchdog.m in Sources */,
				FB5F44B81C41EA4000DE80B4 /* AppDelegate.m in Sources */,
				FBC43DD01CCC3A4000AAD4E5 /* PFMoveApplication.m in Sources */,
			);
			runOnlyForDeploymentPostprocessing = 0;
		};
/* End PBXSourcesBuildPhase section */

/* Begin PBXVariantGroup section */
		FB0CF6A51C61D1E9002CF3DE /* MainMenu.xib */ = {
			isa = PBXVariantGroup;
			children = (
				FB0CF6A61C61D1E9002CF3DE /* Base */,
			);
			name = MainMenu.xib;
			sourceTree = "<group>";
		};
		FB5F44BE1C41EA4000DE80B4 /* Appliaction.xib */ = {
			isa = PBXVariantGroup;
			children = (
				FB5F44BF1C41EA4000DE80B4 /* Base */,
			);
			name = Appliaction.xib;
			sourceTree = "<group>";
		};
/* End PBXVariantGroup section */

/* Begin XCBuildConfiguration section */
		FB0CF6AA1C61D1E9002CF3DE /* Debug */ = {
			isa = XCBuildConfiguration;
			buildSettings = {
				CODE_SIGN_IDENTITY = "Developer ID Application";
				COMBINE_HIDPI_IMAGES = YES;
				DEVELOPMENT_TEAM = EX596BNL45;
				FRAMEWORK_SEARCH_PATHS = (
					"$(inherited)",
					"$(PROJECT_DIR)/Frameworks",
				);
				INFOPLIST_FILE = SIMBLHelper/Info.plist;
				LD_RUNPATH_SEARCH_PATHS = "@loader_path/../../../../../Frameworks/DevMateKit @loader_path/../../../../../Frameworks $(PROJECT_DIR)/Frameworks";
				PRODUCT_BUNDLE_IDENTIFIER = org.w0lf.mySIMBLAgent;
				PRODUCT_NAME = "$(TARGET_NAME)";
				PROVISIONING_PROFILE = "";
				PROVISIONING_PROFILE_SPECIFIER = "";
			};
			name = Debug;
		};
		FB0CF6AB1C61D1E9002CF3DE /* Release */ = {
			isa = XCBuildConfiguration;
			buildSettings = {
				CODE_SIGN_IDENTITY = "Developer ID Application";
				COMBINE_HIDPI_IMAGES = YES;
				DEVELOPMENT_TEAM = EX596BNL45;
				FRAMEWORK_SEARCH_PATHS = (
					"$(inherited)",
					"$(PROJECT_DIR)/Frameworks",
				);
				INFOPLIST_FILE = SIMBLHelper/Info.plist;
				LD_RUNPATH_SEARCH_PATHS = "@loader_path/../../../../../Frameworks/DevMateKit @loader_path/../../../../../Frameworks $(PROJECT_DIR)/Frameworks";
				PRODUCT_BUNDLE_IDENTIFIER = org.w0lf.mySIMBLAgent;
				PRODUCT_NAME = "$(TARGET_NAME)";
				PROVISIONING_PROFILE = "";
				PROVISIONING_PROFILE_SPECIFIER = "";
			};
			name = Release;
		};
		FB5F44C21C41EA4000DE80B4 /* Debug */ = {
			isa = XCBuildConfiguration;
			buildSettings = {
				ALWAYS_SEARCH_USER_PATHS = NO;
				CLANG_ANALYZER_LOCALIZABILITY_NONLOCALIZED = YES;
				CLANG_CXX_LANGUAGE_STANDARD = "gnu++0x";
				CLANG_CXX_LIBRARY = "libc++";
				CLANG_ENABLE_MODULES = YES;
				CLANG_ENABLE_OBJC_ARC = YES;
				CLANG_WARN_BOOL_CONVERSION = YES;
				CLANG_WARN_CONSTANT_CONVERSION = YES;
				CLANG_WARN_DIRECT_OBJC_ISA_USAGE = YES_ERROR;
				CLANG_WARN_EMPTY_BODY = YES;
				CLANG_WARN_ENUM_CONVERSION = YES;
				CLANG_WARN_INFINITE_RECURSION = YES;
				CLANG_WARN_INT_CONVERSION = YES;
				CLANG_WARN_OBJC_ROOT_CLASS = YES_ERROR;
				CLANG_WARN_SUSPICIOUS_MOVE = YES;
				CLANG_WARN_UNREACHABLE_CODE = YES;
				CLANG_WARN__DUPLICATE_METHOD_MATCH = YES;
				COPY_PHASE_STRIP = NO;
				DEBUG_INFORMATION_FORMAT = dwarf;
				DEVELOPMENT_TEAM = EX596BNL45;
				ENABLE_STRICT_OBJC_MSGSEND = YES;
				ENABLE_TESTABILITY = YES;
				GCC_C_LANGUAGE_STANDARD = gnu99;
				GCC_DYNAMIC_NO_PIC = NO;
				GCC_NO_COMMON_BLOCKS = YES;
				GCC_OPTIMIZATION_LEVEL = 0;
				GCC_PREPROCESSOR_DEFINITIONS = (
					"DEBUG=1",
					"$(inherited)",
				);
				GCC_WARN_64_TO_32_BIT_CONVERSION = YES;
				GCC_WARN_ABOUT_RETURN_TYPE = YES_ERROR;
				GCC_WARN_UNDECLARED_SELECTOR = YES;
				GCC_WARN_UNINITIALIZED_AUTOS = YES_AGGRESSIVE;
				GCC_WARN_UNUSED_FUNCTION = YES;
				GCC_WARN_UNUSED_VARIABLE = YES;
				LD_RUNPATH_SEARCH_PATHS = "@loader_path/../Frameworks";
				MACOSX_DEPLOYMENT_TARGET = 10.9;
				MTL_ENABLE_DEBUG_INFO = YES;
				ONLY_ACTIVE_ARCH = YES;
				SDKROOT = macosx;
			};
			name = Debug;
		};
		FB5F44C31C41EA4000DE80B4 /* Release */ = {
			isa = XCBuildConfiguration;
			buildSettings = {
				ALWAYS_SEARCH_USER_PATHS = NO;
				CLANG_ANALYZER_LOCALIZABILITY_NONLOCALIZED = YES;
				CLANG_CXX_LANGUAGE_STANDARD = "gnu++0x";
				CLANG_CXX_LIBRARY = "libc++";
				CLANG_ENABLE_MODULES = YES;
				CLANG_ENABLE_OBJC_ARC = YES;
				CLANG_WARN_BOOL_CONVERSION = YES;
				CLANG_WARN_CONSTANT_CONVERSION = YES;
				CLANG_WARN_DIRECT_OBJC_ISA_USAGE = YES_ERROR;
				CLANG_WARN_EMPTY_BODY = YES;
				CLANG_WARN_ENUM_CONVERSION = YES;
				CLANG_WARN_INFINITE_RECURSION = YES;
				CLANG_WARN_INT_CONVERSION = YES;
				CLANG_WARN_OBJC_ROOT_CLASS = YES_ERROR;
				CLANG_WARN_SUSPICIOUS_MOVE = YES;
				CLANG_WARN_UNREACHABLE_CODE = YES;
				CLANG_WARN__DUPLICATE_METHOD_MATCH = YES;
				COPY_PHASE_STRIP = NO;
				DEBUG_INFORMATION_FORMAT = "dwarf-with-dsym";
				DEVELOPMENT_TEAM = EX596BNL45;
				ENABLE_NS_ASSERTIONS = NO;
				ENABLE_STRICT_OBJC_MSGSEND = YES;
				GCC_C_LANGUAGE_STANDARD = gnu99;
				GCC_NO_COMMON_BLOCKS = YES;
				GCC_WARN_64_TO_32_BIT_CONVERSION = YES;
				GCC_WARN_ABOUT_RETURN_TYPE = YES_ERROR;
				GCC_WARN_UNDECLARED_SELECTOR = YES;
				GCC_WARN_UNINITIALIZED_AUTOS = YES_AGGRESSIVE;
				GCC_WARN_UNUSED_FUNCTION = YES;
				GCC_WARN_UNUSED_VARIABLE = YES;
				LD_RUNPATH_SEARCH_PATHS = "@loader_path/../Frameworks";
				MACOSX_DEPLOYMENT_TARGET = 10.9;
				MTL_ENABLE_DEBUG_INFO = NO;
				ONLY_ACTIVE_ARCH = YES;
				SDKROOT = macosx;
			};
			name = Release;
		};
		FB5F44C51C41EA4000DE80B4 /* Debug */ = {
			isa = XCBuildConfiguration;
			buildSettings = {
				CLANG_ENABLE_OBJC_ARC = YES;
				CODE_SIGN_IDENTITY = "Developer ID Application";
				COMBINE_HIDPI_IMAGES = YES;
				DEVELOPMENT_TEAM = EX596BNL45;
				FRAMEWORK_SEARCH_PATHS = (
					"$(inherited)",
					"$(PROJECT_DIR)",
					"$(PROJECT_DIR)/mySIMBL",
					"$(PROJECT_DIR)/Frameworks",
				);
				INFOPLIST_FILE = mySIMBL/Info.plist;
				LD_RUNPATH_SEARCH_PATHS = "@executable_path/../Frameworks $SRCROOT/mySIMBL";
				MACOSX_DEPLOYMENT_TARGET = 10.9;
				PRODUCT_BUNDLE_IDENTIFIER = org.w0lf.mySIMBL;
				PRODUCT_NAME = "$(TARGET_NAME)";
				PROVISIONING_PROFILE = "";
				PROVISIONING_PROFILE_SPECIFIER = "";
			};
			name = Debug;
		};
		FB5F44C61C41EA4000DE80B4 /* Release */ = {
			isa = XCBuildConfiguration;
			buildSettings = {
				CLANG_ENABLE_OBJC_ARC = YES;
				CODE_SIGN_IDENTITY = "Developer ID Application";
				COMBINE_HIDPI_IMAGES = YES;
				DEVELOPMENT_TEAM = EX596BNL45;
				FRAMEWORK_SEARCH_PATHS = (
					"$(inherited)",
					"$(PROJECT_DIR)",
					"$(PROJECT_DIR)/mySIMBL",
					"$(PROJECT_DIR)/Frameworks",
				);
				INFOPLIST_FILE = mySIMBL/Info.plist;
				LD_RUNPATH_SEARCH_PATHS = "@executable_path/../Frameworks $SRCROOT/mySIMBL";
				MACOSX_DEPLOYMENT_TARGET = 10.9;
				PRODUCT_BUNDLE_IDENTIFIER = org.w0lf.mySIMBL;
				PRODUCT_NAME = "$(TARGET_NAME)";
				PROVISIONING_PROFILE = "";
				PROVISIONING_PROFILE_SPECIFIER = "";
			};
			name = Release;
		};
/* End XCBuildConfiguration section */

/* Begin XCConfigurationList section */
		FB0CF6A91C61D1E9002CF3DE /* Build configuration list for PBXNativeTarget "mySIMBLAgent" */ = {
			isa = XCConfigurationList;
			buildConfigurations = (
				FB0CF6AA1C61D1E9002CF3DE /* Debug */,
				FB0CF6AB1C61D1E9002CF3DE /* Release */,
			);
			defaultConfigurationIsVisible = 0;
			defaultConfigurationName = Release;
		};
		FB5F44AE1C41EA4000DE80B4 /* Build configuration list for PBXProject "mySIMBL" */ = {
			isa = XCConfigurationList;
			buildConfigurations = (
				FB5F44C21C41EA4000DE80B4 /* Debug */,
				FB5F44C31C41EA4000DE80B4 /* Release */,
			);
			defaultConfigurationIsVisible = 0;
			defaultConfigurationName = Release;
		};
		FB5F44C41C41EA4000DE80B4 /* Build configuration list for PBXNativeTarget "mySIMBL" */ = {
			isa = XCConfigurationList;
			buildConfigurations = (
				FB5F44C51C41EA4000DE80B4 /* Debug */,
				FB5F44C61C41EA4000DE80B4 /* Release */,
			);
			defaultConfigurationIsVisible = 0;
			defaultConfigurationName = Release;
		};
/* End XCConfigurationList section */
	};
	rootObject = FB5F44AB1C41EA4000DE80B4 /* Project object */;
}
